
Microsoft Visual Studio Solution File, Format Version 12.00
# Visual Studio Version 17
VisualStudioVersion = 17.3.32819.101
MinimumVisualStudioVersion = 10.0.40219.1
Project("{8BC9CEB8-8B4A-11D0-8D11-00A0C91BC942}") = "SecondWindow", "SecondWindow\SecondWindow.vcxproj", "{FDEE3C0C-8735-4CAA-B589-DE6152DACF2A}"
EndProject
Global
	GlobalSection(SolutionConfigurationPlatforms) = preSolution
		Debug|x64 = Debug|x64
		Debug|x86 = Debug|x86
		Release|x64 = Release|x64
		Release|x86 = Release|x86
	EndGlobalSection
	GlobalSection(ProjectConfigurationPlatforms) = postSolution
		{FDEE3C0C-8735-4CAA-B589-DE6152DACF2A}.Debug|x64.ActiveCfg = Debug|x64
		{FDEE3C0C-8735-4CAA-B589-DE6152DACF2A}.Debug|x64.Build.0 = Debug|x64
		{FDEE3C0C-8735-4CAA-B589-DE6152DACF2A}.Debug|x86.ActiveCfg = Debug|Win32
		{FDEE3C0C-8735-4CAA-B589-DE6152DACF2A}.Debug|x86.Build.0 = Debug|Win32
		{FDEE3C0C-8735-4CAA-B589-DE6152DACF2A}.Release|x64.ActiveCfg = Release|x64
		{FDEE3C0C-8735-4CAA-B589-DE6152DACF2A}.Release|x64.Build.0 = Release|x64
		{FDEE3C0C-8735-4CAA-B589-DE6152DACF2A}.Release|x86.ActiveCfg = Release|Win32
		{FDEE3C0C-8735-4CAA-B589-DE6152DACF2A}.Release|x86.Build.0 = Release|Win32
	EndGlobalSection
	GlobalSection(SolutionProperties) = preSolution
		HideSolutionNode = FALSE
	EndGlobalSection
	GlobalSection(ExtensibilityGlobals) = postSolution
		SolutionGuid = {CD5BF860-5D07-4024-A908-DEC4E79F296A}
	EndGlobalSection
EndGlobal
